{
    "_readme": [
        "This file locks the dependencies of your project to a known state",
        "Read more about it at https://getcomposer.org/doc/01-basic-usage.md#installing-dependencies",
        "This file is @generated automatically"
    ],
    "content-hash": "e5fb9dac4ecfd629f2964029c3329576",
    "packages": [
        {
            "name": "aldas/modbus-tcp-client",
            "version": "3.4.1",
            "source": {
                "type": "git",
                "url": "https://github.com/aldas/modbus-tcp-client.git",
                "reference": "ac66be6be1fc681a9b22ae225fd32d42f100fb83"
            },
            "dist": {
                "type": "zip",
                "url": "https://api.github.com/repos/aldas/modbus-tcp-client/zipball/ac66be6be1fc681a9b22ae225fd32d42f100fb83",
                "reference": "ac66be6be1fc681a9b22ae225fd32d42f100fb83",
                "shasum": ""
            },
            "require": {
                "ext-mbstring": "*",
                "php": "^8.0"
            },
            "require-dev": {
                "phpstan/phpstan": "^1.10.18",
                "phpunit/phpunit": "^9.6.9",
                "psr/log": "^1.1.4",
                "react/child-process": "^0.6.5",
                "react/datagram": "^1.9",
                "react/socket": "^1.13"
            },
            "suggest": {
                "psr/log": "Required for using the Log middleware with BinaryStreamConnection"
            },
            "type": "library",
            "autoload": {
                "psr-4": {
                    "ModbusTcpClient\\": "src/"
                }
            },
            "notification-url": "https://packagist.org/downloads/",
            "license": [
                "Apache-2.0"
            ],
            "description": "Modbus TCP protocol client library",
            "keywords": [
                "modbus"
            ],
            "support": {
                "issues": "https://github.com/aldas/modbus-tcp-client/issues",
                "source": "https://github.com/aldas/modbus-tcp-client/tree/3.4.1"
            },
            "time": "2023-10-19T17:27:44+00:00"
        },
        {
            "name": "davidpersson/beanstalk",
            "version": "v2.0.0",
            "source": {
                "type": "git",
                "url": "https://github.com/davidpersson/beanstalk.git",
                "reference": "3ac94072eed8e96f4b8a28d0c3319ed961fa0a7d"
            },
            "dist": {
                "type": "zip",
                "url": "https://api.github.com/repos/davidpersson/beanstalk/zipball/3ac94072eed8e96f4b8a28d0c3319ed961fa0a7d",
                "reference": "3ac94072eed8e96f4b8a28d0c3319ed961fa0a7d",
                "shasum": ""
            },
            "require": {
                "php": ">=5.4.1"
            },
            "require-dev": {
                "phpunit/phpunit": ">=4.0.0"
            },
            "type": "library",
            "autoload": {
                "psr-4": {
                    "Beanstalk\\": "src/"
                }
            },
            "notification-url": "https://packagist.org/downloads/",
            "license": [
                "MIT"
            ],
            "authors": [
                {
                    "name": "David Persson",
                    "email": "davidpersson@gmx.de"
                }
            ],
            "description": "Minimalistic PHP client for beanstalkd.",
            "homepage": "https://github.com/davidpersson/beanstalk",
            "keywords": [
                "Socket",
                "beanstalk",
                "beanstalkd",
                "queue"
            ],
            "support": {
                "issues": "https://github.com/davidpersson/beanstalk/issues",
                "source": "https://github.com/davidpersson/beanstalk/tree/2.0"
            },
            "time": "2015-01-13T13:19:29+00:00"
        },
        {
            "name": "workerman/mqtt",
            "version": "v1.5",
            "source": {
                "type": "git",
                "url": "https://github.com/walkor/mqtt.git",
                "reference": "7075c2dbc31449352ac83ad9e1ee2d480962779f"
            },
            "dist": {
                "type": "zip",
                "url": "https://api.github.com/repos/walkor/mqtt/zipball/7075c2dbc31449352ac83ad9e1ee2d480962779f",
                "reference": "7075c2dbc31449352ac83ad9e1ee2d480962779f",
                "shasum": ""
            },
            "require": {
                "workerman/workerman": ">=3.3.0"
            },
            "suggest": {
                "ext-event": "For better performance. "
            },
            "type": "library",
            "autoload": {
                "psr-4": {
                    "Workerman\\Mqtt\\": "./src"
                }
            },
            "notification-url": "https://packagist.org/downloads/",
            "license": [
                "MIT"
            ],
            "authors": [
                {
                    "name": "walkor",
                    "email": "walkor@workerman.net",
                    "homepage": "https://www.workerman.net",
                    "role": "Developer"
                }
            ],
            "homepage": "https://www.workerman.net",
            "keywords": [
                "event-loop",
                "mqtt",
                "mqtt3",
                "mqtt5.0",
                "mqtt_client",
                "php",
                "workerman"
            ],
            "support": {
                "email": "walkor@workerman.net",
                "issues": "https://github.com/walkor/mqtt/issues",
                "source": "https://github.com/walkor/mqtt/tree/v1.5"
            },
            "time": "2023-04-21T11:23:53+00:00"
        },
        {
            "name": "workerman/workerman",
            "version": "v4.1.13",
            "source": {
                "type": "git",
                "url": "https://github.com/walkor/workerman.git",
                "reference": "807780ff672775fcd08f89e573a2824e939021ce"
            },
            "dist": {
                "type": "zip",
                "url": "https://api.github.com/repos/walkor/workerman/zipball/807780ff672775fcd08f89e573a2824e939021ce",
                "reference": "807780ff672775fcd08f89e573a2824e939021ce",
                "shasum": ""
            },
            "require": {
                "php": ">=7.0"
            },
            "suggest": {
                "ext-event": "For better performance. "
            },
            "type": "library",
            "autoload": {
                "psr-4": {
                    "Workerman\\": "./"
                }
            },
            "notification-url": "https://packagist.org/downloads/",
            "license": [
                "MIT"
            ],
            "authors": [
                {
                    "name": "walkor",
                    "email": "walkor@workerman.net",
                    "homepage": "http://www.workerman.net",
                    "role": "Developer"
                }
            ],
            "description": "An asynchronous event driven PHP framework for easily building fast, scalable network applications.",
            "homepage": "http://www.workerman.net",
            "keywords": [
                "asynchronous",
                "event-loop"
            ],
            "support": {
                "email": "walkor@workerman.net",
                "forum": "http://wenda.workerman.net/",
                "issues": "https://github.com/walkor/workerman/issues",
                "source": "https://github.com/walkor/workerman",
                "wiki": "http://doc.workerman.net/"
            },
            "funding": [
                {
                    "url": "https://opencollective.com/workerman",
                    "type": "open_collective"
                },
                {
                    "url": "https://www.patreon.com/walkor",
                    "type": "patreon"
                }
            ],
            "time": "2023-07-31T05:57:25+00:00"
        }
    ],
    "packages-dev": [],
    "aliases": [],
    "minimum-stability": "stable",
    "stability-flags": [],
    "prefer-stable": false,
    "prefer-lowest": false,
    "platform": [],
    "platform-dev": [],
    "plugin-api-version": "2.2.0"
}
